{
  "requires": true,
  "lockfileVersion": 1,
  "dependencies": {
    "@babel/parser": {
      "version": "7.12.7",
      "resolved": "https://registry.npmjs.org/@babel/parser/-/parser-7.12.7.tgz",
      "integrity": "sha512-oWR02Ubp4xTLCAqPRiNIuMVgNO5Aif/xpXtabhzW2HWUD47XJsAB4Zd/Rg30+XeQA3juXigV7hlquOTmwqLiwg==",
      "dev": true
    },
    "@pgtyped/cli": {
      "version": "0.9.0",
      "resolved": "https://registry.npmjs.org/@pgtyped/cli/-/cli-0.9.0.tgz",
      "integrity": "sha512-IckgOqXmS024fbWn6ox4MmXqZ6Bp75IdYZg9JBbVUKb7eldHu0/yURpKBNl8VUjKyQZ/JA7pytKORt3j3KE34A==",
      "dev": true,
      "requires": {
        "@pgtyped/query": "^0.9.0",
        "@types/nunjucks": "^3.1.3",
        "camel-case": "^4.1.1",
        "chalk": "^4.0.0",
        "chokidar": "^3.3.1",
        "debug": "^4.1.1",
        "fp-ts": "^2.5.3",
        "glob": "^7.1.6",
        "io-ts": "^2.1.2",
        "io-ts-reporters": "^1.0.0",
        "minimist": "^1.2.5",
        "nunjucks": "3.2.2",
        "pascal-case": "^3.1.1"
      }
    },
    "@pgtyped/query": {
      "version": "0.9.0",
      "resolved": "https://registry.npmjs.org/@pgtyped/query/-/query-0.9.0.tgz",
      "integrity": "sha512-9n/2YjbhQ+vAqcnlaUAKvao3T0FneZ0CheW0+BeVMUKuWzQoh+odaOCa630PQR6QuIM+5GY7VD4sqKrkiL7UVg==",
      "requires": {
        "@pgtyped/wire": "^0.9.0",
        "@types/chalk": "^2.2.0",
        "@types/debug": "^4.1.4",
        "antlr4ts": "^0.5.0-alpha.3",
        "chalk": "^4.1.0",
        "debug": "^4.1.1"
      }
    },
    "@pgtyped/wire": {
      "version": "0.9.0",
      "resolved": "https://registry.npmjs.org/@pgtyped/wire/-/wire-0.9.0.tgz",
      "integrity": "sha512-IMzTN5zRf+4R3nJvO+YsTgAqIevIiFSuQjB3pvYP+6XAjEEpBFSumSBmMB6g8ejtPK3HsKiwZqaUaW06etENrQ==",
      "requires": {
        "@types/debug": "^4.1.4",
        "debug": "^4.1.1"
      }
    },
    "@types/chalk": {
      "version": "2.2.0",
      "resolved": "https://registry.npmjs.org/@types/chalk/-/chalk-2.2.0.tgz",
      "integrity": "sha512-1zzPV9FDe1I/WHhRkf9SNgqtRJWZqrBWgu7JGveuHmmyR9CnAPCie2N/x+iHrgnpYBIcCJWHBoMRv2TRWktsvw==",
      "requires": {
        "chalk": "*"
      }
    },
    "@types/debug": {
      "version": "4.1.5",
      "resolved": "https://registry.npmjs.org/@types/debug/-/debug-4.1.5.tgz",
      "integrity": "sha512-Q1y515GcOdTHgagaVFhHnIFQ38ygs/kmxdNpvpou+raI9UO3YZcHDngBSYKQklcKlvA7iuQlmIKbzvmxcOE9CQ=="
    },
    "@types/node": {
      "version": "14.14.10",
      "resolved": "https://registry.npmjs.org/@types/node/-/node-14.14.10.tgz",
      "integrity": "sha512-J32dgx2hw8vXrSbu4ZlVhn1Nm3GbeCFNw2FWL8S5QKucHGY0cyNwjdQdO+KMBZ4wpmC7KhLCiNsdk1RFRIYUQQ==",
      "dev": true
    },
    "@types/nunjucks": {
      "version": "3.1.3",
      "resolved": "https://registry.npmjs.org/@types/nunjucks/-/nunjucks-3.1.3.tgz",
      "integrity": "sha512-42IiIIBdoB7ZDwCVhCWYT4fMCj+4TeacuVgh7xyT2du5EhkpA+OFeeDdYTFCUt1MrHb8Aw7ZqFvr8s1bwP9l8w==",
      "dev": true
    },
    "@types/pg": {
      "version": "7.14.7",
      "resolved": "https://registry.npmjs.org/@types/pg/-/pg-7.14.7.tgz",
      "integrity": "sha512-ZnMOUidTP6Lwsb0bxHL6PVIL1lVC2CYNQWlA79kQ6nn0rK1/ynvkyN1wsR9pVZaP4WcCNioKT/2aU5UuLIQy2w==",
      "dev": true,
      "requires": {
        "@types/node": "*",
        "@types/pg-types": "*"
      }
    },
    "@types/pg-types": {
      "version": "1.11.5",
      "resolved": "https://registry.npmjs.org/@types/pg-types/-/pg-types-1.11.5.tgz",
      "integrity": "sha512-L8ogeT6vDzT1vxlW3KITTCt+BVXXVkLXfZ/XNm6UqbcJgxf+KPO7yjWx7dQQE8RW07KopL10x2gNMs41+IkMGQ==",
      "dev": true
    },
    "a-sync-waterfall": {
      "version": "1.0.1",
      "resolved": "https://registry.npmjs.org/a-sync-waterfall/-/a-sync-waterfall-1.0.1.tgz",
      "integrity": "sha512-RYTOHHdWipFUliRFMCS4X2Yn2X8M87V/OpSqWzKKOGhzqyUxzyVmhHDH9sAvG+ZuQf/TAOFsLCpMw09I1ufUnA==",
      "dev": true
    },
    "ansi-styles": {
      "version": "4.3.0",
      "resolved": "https://registry.npmjs.org/ansi-styles/-/ansi-styles-4.3.0.tgz",
      "integrity": "sha512-zbB9rCJAT1rbjiVDb2hqKFHNYLxgtk8NURxZ3IZwD3F6NtxbXZQCnnSi1Lkx+IDohdPlFp222wVALIheZJQSEg==",
      "requires": {
        "color-convert": "^2.0.1"
      }
    },
    "antlr4ts": {
      "version": "0.5.0-alpha.3",
      "resolved": "https://registry.npmjs.org/antlr4ts/-/antlr4ts-0.5.0-alpha.3.tgz",
      "integrity": "sha512-La89tKkGcHFIVuruv4Bm1esc3zLmES2NOTEwwNS1pudz+zx/0FNqQeUu9p48i9/QHKPVqjN87LB+q3buTg7oDQ=="
    },
    "anymatch": {
      "version": "3.1.1",
      "resolved": "https://registry.npmjs.org/anymatch/-/anymatch-3.1.1.tgz",
      "integrity": "sha512-mM8522psRCqzV+6LhomX5wgp25YVibjh8Wj23I5RPkPppSVSjyKD2A2mBJmWGa+KN7f2D6LNh9jkBCeyLktzjg==",
      "dev": true,
      "requires": {
        "normalize-path": "^3.0.0",
        "picomatch": "^2.0.4"
      }
    },
    "asap": {
      "version": "2.0.6",
      "resolved": "https://registry.npmjs.org/asap/-/asap-2.0.6.tgz",
      "integrity": "sha1-5QNHYR1+aQlDIIu9r+vLwvuGbUY=",
      "dev": true
    },
    "asbundle": {
      "version": "2.7.0",
      "resolved": "https://registry.npmjs.org/asbundle/-/asbundle-2.7.0.tgz",
      "integrity": "sha512-BiMpM5liV0nLp1/EkmwDOEemMDaSxngGzYaCdWpPZJDRjZ8NrVM8ZSHFsvoX6OGFJgL7YkP9HzGh0jIQcHl4VQ==",
      "dev": true,
      "requires": {
        "ascjs": "^4.0.1",
        "babylon": "^6.18.0"
      }
    },
    "ascjs": {
      "version": "4.0.3",
      "resolved": "https://registry.npmjs.org/ascjs/-/ascjs-4.0.3.tgz",
      "integrity": "sha512-/7SR1DegZHIx0CCL130D/jpgyjBffRzdt0YDtMO8uLcNnXDeEplffmRxP4bw4+ieNzNsWHaG40KEe1SVC3EKcA==",
      "dev": true,
      "requires": {
        "@babel/parser": "^7.12.5"
      }
    },
    "babylon": {
      "version": "6.18.0",
      "resolved": "https://registry.npmjs.org/babylon/-/babylon-6.18.0.tgz",
      "integrity": "sha512-q/UEjfGJ2Cm3oKV71DJz9d25TPnq5rhBVL2Q4fA5wcC3jcrdn7+SssEybFIxwAvvP+YCsCYNKughoF33GxgycQ==",
      "dev": true
    },
    "balanced-match": {
      "version": "1.0.0",
      "resolved": "https://registry.npmjs.org/balanced-match/-/balanced-match-1.0.0.tgz",
      "integrity": "sha1-ibTRmasr7kneFk6gK4nORi1xt2c=",
      "dev": true
    },
    "binary-extensions": {
      "version": "2.1.0",
      "resolved": "https://registry.npmjs.org/binary-extensions/-/binary-extensions-2.1.0.tgz",
      "integrity": "sha512-1Yj8h9Q+QDF5FzhMs/c9+6UntbD5MkRfRwac8DoEm9ZfUBZ7tZ55YcGVAzEe4bXsdQHEk+s9S5wsOKVdZrw0tQ==",
      "dev": true
    },
    "brace-expansion": {
      "version": "1.1.11",
      "resolved": "https://registry.npmjs.org/brace-expansion/-/brace-expansion-1.1.11.tgz",
      "integrity": "sha512-iCuPHDFgrHX7H2vEI/5xpz07zSHB00TpugqhmYtVmMO6518mCuRMoOYFldEBl0g187ufozdaHgWKcYFb61qGiA==",
      "dev": true,
      "requires": {
        "balanced-match": "^1.0.0",
        "concat-map": "0.0.1"
      }
    },
    "braces": {
      "version": "3.0.2",
      "resolved": "https://registry.npmjs.org/braces/-/braces-3.0.2.tgz",
      "integrity": "sha512-b8um+L1RzM3WDSzvhm6gIz1yfTbBt6YTlcEKAvsmqCZZFw46z626lVj9j1yEPW33H5H+lBQpZMP1k8l+78Ha0A==",
      "dev": true,
      "requires": {
        "fill-range": "^7.0.1"
      }
    },
    "browser-split": {
      "version": "0.0.0",
      "resolved": "https://registry.npmjs.org/browser-split/-/browser-split-0.0.0.tgz",
      "integrity": "sha1-QUGcrvdpdVkp3VGJZ9PuwKYmJ3E="
    },
    "buffer-writer": {
      "version": "2.0.0",
      "resolved": "https://registry.npmjs.org/buffer-writer/-/buffer-writer-2.0.0.tgz",
      "integrity": "sha512-a7ZpuTZU1TRtnwyCNW3I5dc0wWNC3VR9S++Ewyk2HHZdrO3CQJqSpd+95Us590V6AL7JqUAH2IwZ/398PmNFgw=="
    },
    "camel-case": {
      "version": "4.1.2",
      "resolved": "https://registry.npmjs.org/camel-case/-/camel-case-4.1.2.tgz",
      "integrity": "sha512-gxGWBrTT1JuMx6R+o5PTXMmUnhnVzLQ9SNutD4YqKtI6ap897t3tKECYla6gCWEkplXnlNybEkZg9GEGxKFCgw==",
      "dev": true,
      "requires": {
        "pascal-case": "^3.1.2",
        "tslib": "^2.0.3"
      }
    },
    "chalk": {
      "version": "4.1.0",
      "resolved": "https://registry.npmjs.org/chalk/-/chalk-4.1.0.tgz",
      "integrity": "sha512-qwx12AxXe2Q5xQ43Ac//I6v5aXTipYrSESdOgzrN+9XjgEpyjpKuvSGaN4qE93f7TQTlerQQ8S+EQ0EyDoVL1A==",
      "requires": {
        "ansi-styles": "^4.1.0",
        "supports-color": "^7.1.0"
      }
    },
    "chokidar": {
      "version": "3.4.3",
      "resolved": "https://registry.npmjs.org/chokidar/-/chokidar-3.4.3.tgz",
      "integrity": "sha512-DtM3g7juCXQxFVSNPNByEC2+NImtBuxQQvWlHunpJIS5Ocr0lG306cC7FCi7cEA0fzmybPUIl4txBIobk1gGOQ==",
      "dev": true,
      "requires": {
        "anymatch": "~3.1.1",
        "braces": "~3.0.2",
        "fsevents": "~2.1.2",
        "glob-parent": "~5.1.0",
        "is-binary-path": "~2.1.0",
        "is-glob": "~4.0.1",
        "normalize-path": "~3.0.0",
        "readdirp": "~3.5.0"
      }
    },
    "class-list": {
      "version": "0.1.1",
      "resolved": "https://registry.npmjs.org/class-list/-/class-list-0.1.1.tgz",
      "integrity": "sha1-m5dFGSxBebXaCg12M2WOPHDXlss=",
      "requires": {
        "indexof": "0.0.1"
      }
    },
    "color-convert": {
      "version": "2.0.1",
      "resolved": "https://registry.npmjs.org/color-convert/-/color-convert-2.0.1.tgz",
      "integrity": "sha512-RRECPsj7iu/xb5oKYcsFHSppFNnsj/52OVTRKb4zP5onXwVF3zVmmToNcOfGC+CRDpfK/U584fMg38ZHCaElKQ==",
      "requires": {
        "color-name": "~1.1.4"
      }
    },
    "color-name": {
      "version": "1.1.4",
      "resolved": "https://registry.npmjs.org/color-name/-/color-name-1.1.4.tgz",
      "integrity": "sha512-dOy+3AuW3a2wNbZHIuMZpTcgjGuLU/uBL/ubcZF9OXbDo8ff4O8yVp5Bf0efS8uEoYo5q4Fx7dY9OgQGXgAsQA=="
    },
    "concat-map": {
      "version": "0.0.1",
      "resolved": "https://registry.npmjs.org/concat-map/-/concat-map-0.0.1.tgz",
      "integrity": "sha1-2Klr13/Wjfd5OnMDajug1UBdR3s=",
      "dev": true
    },
    "debug": {
      "version": "4.3.1",
      "resolved": "https://registry.npmjs.org/debug/-/debug-4.3.1.tgz",
      "integrity": "sha512-doEwdvm4PCeK4K3RQN2ZC2BYUBaxwLARCqZmMjtF8a51J2Rb0xpVloFRnCODwqjpwnAoao4pelN8l3RJdv3gRQ==",
      "requires": {
        "ms": "2.1.2"
      }
    },
    "fill-range": {
      "version": "7.0.1",
      "resolved": "https://registry.npmjs.org/fill-range/-/fill-range-7.0.1.tgz",
      "integrity": "sha512-qOo9F+dMUmC2Lcb4BbVvnKJxTPjCm+RRpe4gDuGrzkL7mEVl/djYSu2OdQ2Pa302N4oqkSg9ir6jaLWJ2USVpQ==",
      "dev": true,
      "requires": {
        "to-regex-range": "^5.0.1"
      }
    },
    "fp-ts": {
      "version": "2.9.1",
      "resolved": "https://registry.npmjs.org/fp-ts/-/fp-ts-2.9.1.tgz",
      "integrity": "sha512-9++IpEtF2blK7tfSV+iHxO3KXdAGO/bPPQtUYqzC6XKzGOWNctqvlf13SpXxcu2mYaibOvneh/m9vAPLAHdoRQ==",
      "dev": true
    },
    "fs.realpath": {
      "version": "1.0.0",
      "resolved": "https://registry.npmjs.org/fs.realpath/-/fs.realpath-1.0.0.tgz",
      "integrity": "sha1-FQStJSMVjKpA20onh8sBQRmU6k8=",
      "dev": true
    },
    "fsevents": {
      "version": "2.1.3",
      "resolved": "https://registry.npmjs.org/fsevents/-/fsevents-2.1.3.tgz",
      "integrity": "sha512-Auw9a4AxqWpa9GUfj370BMPzzyncfBABW8Mab7BGWBYDj4Isgq+cDKtx0i6u9jcX9pQDnswsaaOTgTmA5pEjuQ==",
      "dev": true,
      "optional": true
    },
    "glob": {
      "version": "7.1.6",
      "resolved": "https://registry.npmjs.org/glob/-/glob-7.1.6.tgz",
      "integrity": "sha512-LwaxwyZ72Lk7vZINtNNrywX0ZuLyStrdDtabefZKAY5ZGJhVtgdznluResxNmPitE0SAO+O26sWTHeKSI2wMBA==",
      "dev": true,
      "requires": {
        "fs.realpath": "^1.0.0",
        "inflight": "^1.0.4",
        "inherits": "2",
        "minimatch": "^3.0.4",
        "once": "^1.3.0",
        "path-is-absolute": "^1.0.0"
      }
    },
    "glob-parent": {
      "version": "5.1.1",
      "resolved": "https://registry.npmjs.org/glob-parent/-/glob-parent-5.1.1.tgz",
      "integrity": "sha512-FnI+VGOpnlGHWZxthPGR+QhR78fuiK0sNLkHQv+bL9fQi57lNNdquIbna/WrfROrolq8GK5Ek6BiMwqL/voRYQ==",
      "dev": true,
      "requires": {
        "is-glob": "^4.0.1"
      }
    },
    "has-flag": {
      "version": "4.0.0",
      "resolved": "https://registry.npmjs.org/has-flag/-/has-flag-4.0.0.tgz",
      "integrity": "sha512-EykJT/Q1KjTWctppgIAgfSO0tKVuZUjhgMr17kqTumMl6Afv3EISleU7qZUzoXDFTAHTDC4NOoG/ZxU3EvlMPQ=="
    },
    "html-element": {
      "version": "2.3.1",
      "resolved": "https://registry.npmjs.org/html-element/-/html-element-2.3.1.tgz",
      "integrity": "sha512-xnFt2ZkbFcjc+JoAtg3Hl89VeEZDjododu4VCPkRvFmBTHHA9U1Nt6hLUWfW2O+6Sl/rT1hHK/PivleX3PdBJQ==",
      "requires": {
        "class-list": "~0.1.1"
      }
    },
    "hyperscript": {
      "version": "2.0.2",
      "resolved": "https://registry.npmjs.org/hyperscript/-/hyperscript-2.0.2.tgz",
      "integrity": "sha1-ODnLpFVUvf4nu4HCFC0WhPgTWvU=",
      "requires": {
        "browser-split": "0.0.0",
        "class-list": "~0.1.0",
        "html-element": "^2.0.0"
      }
    },
    "indexof": {
      "version": "0.0.1",
      "resolved": "https://registry.npmjs.org/indexof/-/indexof-0.0.1.tgz",
      "integrity": "sha1-gtwzbSMrkGIXnQWrMpOmYFn9Q10="
    },
    "inflight": {
      "version": "1.0.6",
      "resolved": "https://registry.npmjs.org/inflight/-/inflight-1.0.6.tgz",
      "integrity": "sha1-Sb1jMdfQLQwJvJEKEHW6gWW1bfk=",
      "dev": true,
      "requires": {
        "once": "^1.3.0",
        "wrappy": "1"
      }
    },
    "inherits": {
      "version": "2.0.4",
      "resolved": "https://registry.npmjs.org/inherits/-/inherits-2.0.4.tgz",
      "integrity": "sha512-k/vGaX4/Yla3WzyMCvTQOXYeIHvqOKtnqBduzTHpzpQZzAskKMhZ2K+EnBiSM9zGSoIFeMpXKxa4dYeZIQqewQ=="
    },
    "io-ts": {
      "version": "2.2.13",
      "resolved": "https://registry.npmjs.org/io-ts/-/io-ts-2.2.13.tgz",
      "integrity": "sha512-BYJgE/BanovJKDvCnAkrr7f3gTucSyk+Sr5VtpouBO1/YfBKUyIn2z1ODG8LEF+1D4sjKZ3Bd/A5/v8JrJe5UQ==",
      "dev": true
    },
    "io-ts-reporters": {
      "version": "1.2.2",
      "resolved": "https://registry.npmjs.org/io-ts-reporters/-/io-ts-reporters-1.2.2.tgz",
      "integrity": "sha512-igASwWWkDY757OutNcM6zTtdJf/eTZYkoe2ymsX2qpm5bKZLo74FJYjsCtMQOEdY7dRHLLEulCyFQwdN69GBCg==",
      "dev": true
    },
    "is-binary-path": {
      "version": "2.1.0",
      "resolved": "https://registry.npmjs.org/is-binary-path/-/is-binary-path-2.1.0.tgz",
      "integrity": "sha512-ZMERYes6pDydyuGidse7OsHxtbI7WVeUEozgR/g7rd0xUimYNlvZRE/K2MgZTjWy725IfelLeVcEM97mmtRGXw==",
      "dev": true,
      "requires": {
        "binary-extensions": "^2.0.0"
      }
    },
    "is-extglob": {
      "version": "2.1.1",
      "resolved": "https://registry.npmjs.org/is-extglob/-/is-extglob-2.1.1.tgz",
      "integrity": "sha1-qIwCU1eR8C7TfHahueqXc8gz+MI=",
      "dev": true
    },
    "is-glob": {
      "version": "4.0.1",
      "resolved": "https://registry.npmjs.org/is-glob/-/is-glob-4.0.1.tgz",
      "integrity": "sha512-5G0tKtBTFImOqDnLB2hG6Bp2qcKEFduo4tZu9MT/H6NQv/ghhy30o55ufafxJ/LdH79LLs2Kfrn85TLKyA7BUg==",
      "dev": true,
      "requires": {
        "is-extglob": "^2.1.1"
      }
    },
    "is-number": {
      "version": "7.0.0",
      "resolved": "https://registry.npmjs.org/is-number/-/is-number-7.0.0.tgz",
      "integrity": "sha512-41Cifkg6e8TylSpdtTpeLVMqvSBEVzTttHvERD741+pnZ8ANv0004MRL43QKPDlK9cGvNp6NZWZUBlbGXYxxng==",
      "dev": true
    },
    "lower-case": {
      "version": "2.0.2",
      "resolved": "https://registry.npmjs.org/lower-case/-/lower-case-2.0.2.tgz",
      "integrity": "sha512-7fm3l3NAF9WfN6W3JOmf5drwpVqX78JtoGJ3A6W0a6ZnldM41w2fV5D490psKFTpMds8TJse/eHLFFsNHHjHgg==",
      "dev": true,
      "requires": {
        "tslib": "^2.0.3"
      }
    },
    "minimatch": {
      "version": "3.0.4",
      "resolved": "https://registry.npmjs.org/minimatch/-/minimatch-3.0.4.tgz",
      "integrity": "sha512-yJHVQEhyqPLUTgt9B83PXu6W3rx4MvvHvSUvToogpwoGDOUQ+yDrR0HRot+yOCdCO7u4hX3pWft6kWBBcqh0UA==",
      "dev": true,
      "requires": {
        "brace-expansion": "^1.1.7"
      }
    },
    "minimist": {
      "version": "1.2.5",
      "resolved": "https://registry.npmjs.org/minimist/-/minimist-1.2.5.tgz",
      "integrity": "sha512-FM9nNUYrRBAELZQT3xeZQ7fmMOBg6nWNmJKTcgsJeaLstP/UODVpGsr5OhXhhXg6f+qtJ8uiZ+PUxkDWcgIXLw==",
      "dev": true
    },
    "ms": {
      "version": "2.1.2",
      "resolved": "https://registry.npmjs.org/ms/-/ms-2.1.2.tgz",
      "integrity": "sha512-sGkPx+VjMtmA6MX27oA4FBFELFCZZ4S4XqeGOXCv68tT+jb3vk/RyaKWP0PTKyWtmLSM0b+adUTEvbs1PEaH2w=="
    },
    "no-case": {
      "version": "3.0.4",
      "resolved": "https://registry.npmjs.org/no-case/-/no-case-3.0.4.tgz",
      "integrity": "sha512-fgAN3jGAh+RoxUGZHTSOLJIqUc2wmoBwGR4tbpNAKmmovFoWq0OdRkb0VkldReO2a2iBT/OEulG9XSUc10r3zg==",
      "dev": true,
      "requires": {
        "lower-case": "^2.0.2",
        "tslib": "^2.0.3"
      }
    },
    "normalize-path": {
      "version": "3.0.0",
      "resolved": "https://registry.npmjs.org/normalize-path/-/normalize-path-3.0.0.tgz",
      "integrity": "sha512-6eZs5Ls3WtCisHWp9S2GUy8dqkpGi4BVSz3GaqiE6ezub0512ESztXUwUB6C6IKbQkY2Pnb/mD4WYojCRwcwLA==",
      "dev": true
    },
    "nunjucks": {
      "version": "3.2.2",
      "resolved": "https://registry.npmjs.org/nunjucks/-/nunjucks-3.2.2.tgz",
      "integrity": "sha512-KUi85OoF2NMygwODAy28Lh9qHmq5hO3rBlbkYoC8v377h4l8Pt5qFjILl0LWpMbOrZ18CzfVVUvIHUIrtED3sA==",
      "dev": true,
      "requires": {
        "a-sync-waterfall": "^1.0.0",
        "asap": "^2.0.3",
        "chokidar": "^3.3.0",
        "commander": "^5.1.0"
      },
      "dependencies": {
        "commander": {
          "version": "5.1.0",
          "resolved": "https://registry.npmjs.org/commander/-/commander-5.1.0.tgz",
          "integrity": "sha512-P0CysNDQ7rtVw4QIQtm+MRxV66vKFSvlsQvGYXZWR3qFU0jlMKHZZZgw8e+8DSah4UDKMqnknRDQz+xuQXQ/Zg==",
          "dev": true
        }
      }
    },
    "once": {
      "version": "1.4.0",
      "resolved": "https://registry.npmjs.org/once/-/once-1.4.0.tgz",
      "integrity": "sha1-WDsap3WWHUsROsF9nFC6753Xa9E=",
      "dev": true,
      "requires": {
        "wrappy": "1"
      }
    },
    "packet-reader": {
      "version": "1.0.0",
      "resolved": "https://registry.npmjs.org/packet-reader/-/packet-reader-1.0.0.tgz",
      "integrity": "sha512-HAKu/fG3HpHFO0AA8WE8q2g+gBJaZ9MG7fcKk+IJPLTGAD6Psw4443l+9DGRbOIh3/aXr7Phy0TjilYivJo5XQ=="
    },
    "pascal-case": {
      "version": "3.1.2",
      "resolved": "https://registry.npmjs.org/pascal-case/-/pascal-case-3.1.2.tgz",
      "integrity": "sha512-uWlGT3YSnK9x3BQJaOdcZwrnV6hPpd8jFH1/ucpiLRPh/2zCVJKS19E4GvYHvaCcACn3foXZ0cLB9Wrx1KGe5g==",
      "dev": true,
      "requires": {
        "no-case": "^3.0.4",
        "tslib": "^2.0.3"
      }
    },
    "path-is-absolute": {
      "version": "1.0.1",
      "resolved": "https://registry.npmjs.org/path-is-absolute/-/path-is-absolute-1.0.1.tgz",
      "integrity": "sha1-F0uSaHNVNP+8es5r9TpanhtcX18=",
      "dev": true
    },
    "pg": {
      "version": "8.5.1",
      "resolved": "https://registry.npmjs.org/pg/-/pg-8.5.1.tgz",
      "integrity": "sha512-9wm3yX9lCfjvA98ybCyw2pADUivyNWT/yIP4ZcDVpMN0og70BUWYEGXPCTAQdGTAqnytfRADb7NERrY1qxhIqw==",
      "requires": {
        "buffer-writer": "2.0.0",
        "packet-reader": "1.0.0",
        "pg-connection-string": "^2.4.0",
        "pg-pool": "^3.2.2",
        "pg-protocol": "^1.4.0",
        "pg-types": "^2.1.0",
        "pgpass": "1.x"
      }
    },
    "pg-connection-string": {
      "version": "2.4.0",
      "resolved": "https://registry.npmjs.org/pg-connection-string/-/pg-connection-string-2.4.0.tgz",
      "integrity": "sha512-3iBXuv7XKvxeMrIgym7njT+HlZkwZqqGX4Bu9cci8xHZNT+Um1gWKqCsAzcC0d95rcKMU5WBg6YRUcHyV0HZKQ=="
    },
    "pg-int8": {
      "version": "1.0.1",
      "resolved": "https://registry.npmjs.org/pg-int8/-/pg-int8-1.0.1.tgz",
      "integrity": "sha512-WCtabS6t3c8SkpDBUlb1kjOs7l66xsGdKpIPZsg4wR+B3+u9UAum2odSsF9tnvxg80h4ZxLWMy4pRjOsFIqQpw=="
    },
    "pg-pool": {
      "version": "3.2.2",
      "resolved": "https://registry.npmjs.org/pg-pool/-/pg-pool-3.2.2.tgz",
      "integrity": "sha512-ORJoFxAlmmros8igi608iVEbQNNZlp89diFVx6yV5v+ehmpMY9sK6QgpmgoXbmkNaBAx8cOOZh9g80kJv1ooyA=="
    },
    "pg-protocol": {
      "version": "1.4.0",
      "resolved": "https://registry.npmjs.org/pg-protocol/-/pg-protocol-1.4.0.tgz",
      "integrity": "sha512-El+aXWcwG/8wuFICMQjM5ZSAm6OWiJicFdNYo+VY3QP+8vI4SvLIWVe51PppTzMhikUJR+PsyIFKqfdXPz/yxA=="
    },
    "pg-types": {
      "version": "2.2.0",
      "resolved": "https://registry.npmjs.org/pg-types/-/pg-types-2.2.0.tgz",
      "integrity": "sha512-qTAAlrEsl8s4OiEQY69wDvcMIdQN6wdz5ojQiOy6YRMuynxenON0O5oCpJI6lshc6scgAY8qvJ2On/p+CXY0GA==",
      "requires": {
        "pg-int8": "1.0.1",
        "postgres-array": "~2.0.0",
        "postgres-bytea": "~1.0.0",
        "postgres-date": "~1.0.4",
        "postgres-interval": "^1.1.0"
      }
    },
    "pgpass": {
      "version": "1.0.4",
      "resolved": "https://registry.npmjs.org/pgpass/-/pgpass-1.0.4.tgz",
      "integrity": "sha512-YmuA56alyBq7M59vxVBfPJrGSozru8QAdoNlWuW3cz8l+UX3cWge0vTvjKhsSHSJpo3Bom8/Mm6hf0TR5GY0+w==",
      "requires": {
        "split2": "^3.1.1"
      }
    },
    "picomatch": {
      "version": "2.2.2",
      "resolved": "https://registry.npmjs.org/picomatch/-/picomatch-2.2.2.tgz",
      "integrity": "sha512-q0M/9eZHzmr0AulXyPwNfZjtwZ/RBZlbN3K3CErVrk50T2ASYI7Bye0EvekFY3IP1Nt2DHu0re+V2ZHIpMkuWg==",
      "dev": true
    },
    "postgres-array": {
      "version": "2.0.0",
      "resolved": "https://registry.npmjs.org/postgres-array/-/postgres-array-2.0.0.tgz",
      "integrity": "sha512-VpZrUqU5A69eQyW2c5CA1jtLecCsN2U/bD6VilrFDWq5+5UIEVO7nazS3TEcHf1zuPYO/sqGvUvW62g86RXZuA=="
    },
    "postgres-bytea": {
      "version": "1.0.0",
      "resolved": "https://registry.npmjs.org/postgres-bytea/-/postgres-bytea-1.0.0.tgz",
      "integrity": "sha1-AntTPAqokOJtFy1Hz5zOzFIazTU="
    },
    "postgres-date": {
      "version": "1.0.7",
      "resolved": "https://registry.npmjs.org/postgres-date/-/postgres-date-1.0.7.tgz",
      "integrity": "sha512-suDmjLVQg78nMK2UZ454hAG+OAW+HQPZ6n++TNDUX+L0+uUlLywnoxJKDou51Zm+zTCjrCl0Nq6J9C5hP9vK/Q=="
    },
    "postgres-interval": {
      "version": "1.2.0",
      "resolved": "https://registry.npmjs.org/postgres-interval/-/postgres-interval-1.2.0.tgz",
      "integrity": "sha512-9ZhXKM/rw350N1ovuWHbGxnGh/SNJ4cnxHiM0rxE4VN41wsg8P8zWn9hv/buK00RP4WvlOyr/RBDiptyxVbkZQ==",
      "requires": {
        "xtend": "^4.0.0"
      }
    },
    "prettier": {
      "version": "2.2.1",
      "resolved": "https://registry.npmjs.org/prettier/-/prettier-2.2.1.tgz",
      "integrity": "sha512-PqyhM2yCjg/oKkFPtTGUojv7gnZAoG80ttl45O6x2Ug/rMJw4wcc9k6aaf2hibP7BGVCCM33gZoGjyvt9mm16Q==",
      "dev": true
    },
    "readable-stream": {
      "version": "3.6.0",
      "resolved": "https://registry.npmjs.org/readable-stream/-/readable-stream-3.6.0.tgz",
      "integrity": "sha512-BViHy7LKeTz4oNnkcLJ+lVSL6vpiFeX6/d3oSH8zCW7UxP2onchk+vTGB143xuFjHS3deTgkKoXXymXqymiIdA==",
      "requires": {
        "inherits": "^2.0.3",
        "string_decoder": "^1.1.1",
        "util-deprecate": "^1.0.1"
      }
    },
    "readdirp": {
      "version": "3.5.0",
      "resolved": "https://registry.npmjs.org/readdirp/-/readdirp-3.5.0.tgz",
      "integrity": "sha512-cMhu7c/8rdhkHXWsY+osBhfSy0JikwpHK/5+imo+LpeasTF8ouErHrlYkwT0++njiyuDvc7OFY5T3ukvZ8qmFQ==",
      "dev": true,
      "requires": {
        "picomatch": "^2.2.1"
      }
    },
    "safe-buffer": {
      "version": "5.2.1",
      "resolved": "https://registry.npmjs.org/safe-buffer/-/safe-buffer-5.2.1.tgz",
      "integrity": "sha512-rp3So07KcdmmKbGvgaNxQSJr7bGVSVk5S9Eq1F+ppbRo70+YeaDxkw5Dd8NPN+GD6bjnYm2VuPuCXmpuYvmCXQ=="
    },
    "split2": {
      "version": "3.2.2",
      "resolved": "https://registry.npmjs.org/split2/-/split2-3.2.2.tgz",
      "integrity": "sha512-9NThjpgZnifTkJpzTZ7Eue85S49QwpNhZTq6GRJwObb6jnLFNGB7Qm73V5HewTROPyxD0C29xqmaI68bQtV+hg==",
      "requires": {
        "readable-stream": "^3.0.0"
      }
    },
    "string_decoder": {
      "version": "1.3.0",
      "resolved": "https://registry.npmjs.org/string_decoder/-/string_decoder-1.3.0.tgz",
      "integrity": "sha512-hkRX8U1WjJFd8LsDJ2yQ/wWWxaopEsABU1XfkM8A+j0+85JAGppt16cr1Whg6KIbb4okU6Mql6BOj+uup/wKeA==",
      "requires": {
        "safe-buffer": "~5.2.0"
      }
    },
    "supports-color": {
      "version": "7.2.0",
      "resolved": "https://registry.npmjs.org/supports-color/-/supports-color-7.2.0.tgz",
      "integrity": "sha512-qpCAvRl9stuOHveKsn7HncJRvv501qIacKzQlO/+Lwxc9+0q2wLyv4Dfvt80/DPn2pqOBsJdDiogXGR9+OvwRw==",
      "requires": {
        "has-flag": "^4.0.0"
      }
    },
    "to-regex-range": {
      "version": "5.0.1",
      "resolved": "https://registry.npmjs.org/to-regex-range/-/to-regex-range-5.0.1.tgz",
      "integrity": "sha512-65P7iz6X5yEr1cwcgvQxbbIw7Uk3gOy5dIdtZ4rDveLqhrdJP+Li/Hx6tyK0NEb+2GCyneCMJiGqrADCSNk8sQ==",
      "dev": true,
      "requires": {
        "is-number": "^7.0.0"
      }
    },
    "tslib": {
      "version": "2.0.3",
      "resolved": "https://registry.npmjs.org/tslib/-/tslib-2.0.3.tgz",
      "integrity": "sha512-uZtkfKblCEQtZKBF6EBXVZeQNl82yqtDQdv+eck8u7tdPxjLu2/lp5/uPW+um2tpuxINHWy3GhiccY7QgEaVHQ==",
      "dev": true
    },
    "typescript": {
      "version": "4.1.2",
      "resolved": "https://registry.npmjs.org/typescript/-/typescript-4.1.2.tgz",
      "integrity": "sha512-thGloWsGH3SOxv1SoY7QojKi0tc+8FnOmiarEGMbd/lar7QOEd3hvlx3Fp5y6FlDUGl9L+pd4n2e+oToGMmhRQ=="
    },
    "util-deprecate": {
      "version": "1.0.2",
      "resolved": "https://registry.npmjs.org/util-deprecate/-/util-deprecate-1.0.2.tgz",
      "integrity": "sha1-RQ1Nyfpw3nMnYvvS1KKJgUGaDM8="
    },
    "wrappy": {
      "version": "1.0.2",
      "resolved": "https://registry.npmjs.org/wrappy/-/wrappy-1.0.2.tgz",
      "integrity": "sha1-tSQ9jz7BqjXxNkYFvA0QNuMKtp8=",
      "dev": true
    },
    "xtend": {
      "version": "4.0.2",
      "resolved": "https://registry.npmjs.org/xtend/-/xtend-4.0.2.tgz",
      "integrity": "sha512-LKYU1iAXJXUgAXn9URjiu+MWhyUXHsvfp7mcuYm9dSUKK0/CjtrUwFAxD82/mCWbtLsGjFIad0wIsod4zrTAEQ=="
    }
  }
}
